{
  "requires": true,
  "lockfileVersion": 1,
  "dependencies": {
    "typeface-pt-mono": {
      "version": "0.0.72",
      "resolved": "https://registry.npmjs.org/typeface-pt-mono/-/typeface-pt-mono-0.0.72.tgz",
      "integrity": "sha512-7AMVSvB0oT2TDPyCJlVKSIxPjspI08Rlhg/SEUwQORSyalZgtSt2pDJEvVZuJbBIak70oB2ts6vL4iunYPUGKA=="
    },
    "typeface-pt-sans": {
      "version": "0.0.72",
      "resolved": "https://registry.npmjs.org/typeface-pt-sans/-/typeface-pt-sans-0.0.72.tgz",
      "integrity": "sha512-eDMv72dE+0dwjIDltzZAUusF+cDgOfZKazHZK08uKCOG/BEzY6oc/WqtQLN71j5/voTXFi5M4+nXNbZnCayDMQ=="
    }
  }
}
